
Microsoft Visual Studio Solution File, Format Version 12.00
# Visual Studio Version 17
VisualStudioVersion = 17.4.33103.184
MinimumVisualStudioVersion = 10.0.40219.1
Project("{FAE04EC0-301F-11D3-BF4B-00C04F79EFBC}") = "Assignment2", "Assignment2\Assignment2.csproj", "{2CDAFF99-E54A-4234-B03D-E31E791095CE}"
EndProject
Global
	GlobalSection(SolutionConfigurationPlatforms) = preSolution
		Debug|Any CPU = Debug|Any CPU
		Release|Any CPU = Release|Any CPU
	EndGlobalSection
	GlobalSection(ProjectConfigurationPlatforms) = postSolution
		{2CDAFF99-E54A-4234-B03D-E31E791095CE}.Debug|Any CPU.ActiveCfg = Debug|Any CPU
		{2CDAFF99-E54A-4234-B03D-E31E791095CE}.Debug|Any CPU.Build.0 = Debug|Any CPU
		{2CDAFF99-E54A-4234-B03D-E31E791095CE}.Release|Any CPU.ActiveCfg = Release|Any CPU
		{2CDAFF99-E54A-4234-B03D-E31E791095CE}.Release|Any CPU.Build.0 = Release|Any CPU
	EndGlobalSection
	GlobalSection(SolutionProperties) = preSolution
		HideSolutionNode = FALSE
	EndGlobalSection
	GlobalSection(ExtensibilityGlobals) = postSolution
		SolutionGuid = {7E1B942F-0775-44A0-A974-B4D285E1B5BF}
	EndGlobalSection
EndGlobal
